// !$*UTF8*$!
{
	archiveVersion = 1;
	classes = {
	};
	objectVersion = 46;
	objects = {

/* Begin PBXBuildFile section */
		4AF01DA71E4F759500F2E861 /* AppDelegate.swift in Sources */ = {isa = PBXBuildFile; fileRef = 4AF01DA61E4F759500F2E861 /* AppDelegate.swift */; };
		4AF01DA91E4F759500F2E861 /* FaceViewController.swift in Sources */ = {isa = PBXBuildFile; fileRef = 4AF01DA81E4F759500F2E861 /* FaceViewController.swift */; };
		4AF01DAC1E4F759500F2E861 /* Main.storyboard in Resources */ = {isa = PBXBuildFile; fileRef = 4AF01DAA1E4F759500F2E861 /* Main.storyboard */; };
		4AF01DAE1E4F759500F2E861 /* Assets.xcassets in Resources */ = {isa = PBXBuildFile; fileRef = 4AF01DAD1E4F759500F2E861 /* Assets.xcassets */; };
		4AF01DB11E4F759500F2E861 /* LaunchScreen.storyboard in Resources */ = {isa = PBXBuildFile; fileRef = 4AF01DAF1E4F759500F2E861 /* LaunchScreen.storyboard */; };
		4AF01DB91E4F77E500F2E861 /* faceView.swift in Sources */ = {isa = PBXBuildFile; fileRef = 4AF01DB81E4F77E500F2E861 /* faceView.swift */; };
		4AF01DFD1E50CF7200F2E861 /* facialExpression.swift in Sources */ = {isa = PBXBuildFile; fileRef = 4AF01DFC1E50CF7200F2E861 /* facialExpression.swift */; };
/* End PBXBuildFile section */

/* Begin PBXFileReference section */
		4AF01DA31E4F759500F2E861 /* Stanford_FaceIt.app */ = {isa = PBXFileReference; explicitFileType = wrapper.application; includeInIndex = 0; path = Stanford_FaceIt.app; sourceTree = BUILT_PRODUCTS_DIR; };
		4AF01DA61E4F759500F2E861 /* AppDelegate.swift */ = {isa = PBXFileReference; lastKnownFileType = sourcecode.swift; path = AppDelegate.swift; sourceTree = "<group>"; };
		4AF01DA81E4F759500F2E861 /* FaceViewController.swift */ = {isa = PBXFileReference; lastKnownFileType = sourcecode.swift; path = FaceViewController.swift; sourceTree = "<group>"; };
		4AF01DAB1E4F759500F2E861 /* Base */ = {isa = PBXFileReference; lastKnownFileType = file.storyboard; name = Base; path = Base.lproj/Main.storyboard; sourceTree = "<group>"; };
		4AF01DAD1E4F759500F2E861 /* Assets.xcassets */ = {isa = PBXFileReference; lastKnownFileType = folder.assetcatalog; path = Assets.xcassets; sourceTree = "<group>"; };
		4AF01DB01E4F759500F2E861 /* Base */ = {isa = PBXFileReference; lastKnownFileType = file.storyboard; name = Base; path = Base.lproj/LaunchScreen.storyboard; sourceTree = "<group>"; };
		4AF01DB21E4F759500F2E861 /* Info.plist */ = {isa = PBXFileReference; lastKnownFileType = text.plist.xml; path = Info.plist; sourceTree = "<group>"; };
		4AF01DB81E4F77E500F2E861 /* faceView.swift */ = {isa = PBXFileReference; fileEncoding = 4; lastKnownFileType = sourcecode.swift; path = faceView.swift; sourceTree = "<group>"; };
		4AF01DFC1E50CF7200F2E861 /* facialExpression.swift */ = {isa = PBXFileReference; fileEncoding = 4; lastKnownFileType = sourcecode.swift; path = facialExpression.swift; sourceTree = "<group>"; };
/* End PBXFileReference section */

/* Begin PBXFrameworksBuildPhase section */
		4AF01DA01E4F759500F2E861 /* Frameworks */ = {
			isa = PBXFrameworksBuildPhase;
			buildActionMask = 2147483647;
			files = (
			);
			runOnlyForDeploymentPostprocessing = 0;
		};
/* End PBXFrameworksBuildPhase section */

/* Begin PBXGroup section */
		4AF01D9A1E4F759400F2E861 = {
			isa = PBXGroup;
			children = (
				4AF01DA51E4F759500F2E861 /* Stanford_FaceIt */,
				4AF01DA41E4F759500F2E861 /* Products */,
			);
			sourceTree = "<group>";
		};
		4AF01DA41E4F759500F2E861 /* Products */ = {
			isa = PBXGroup;
			children = (
				4AF01DA31E4F759500F2E861 /* Stanford_FaceIt.app */,
			);
			name = Products;
			sourceTree = "<group>";
		};
		4AF01DA51E4F759500F2E861 /* Stanford_FaceIt */ = {
			isa = PBXGroup;
			children = (
				4AF01DA61E4F759500F2E861 /* AppDelegate.swift */,
				4AF01DAD1E4F759500F2E861 /* Assets.xcassets */,
				4AF01DAF1E4F759500F2E861 /* LaunchScreen.storyboard */,
				4AF01DB21E4F759500F2E861 /* Info.plist */,
				4AF01DA81E4F759500F2E861 /* FaceViewController.swift */,
				4AF01DFC1E50CF7200F2E861 /* facialExpression.swift */,
				4AF01DB81E4F77E500F2E861 /* faceView.swift */,
				4AF01DAA1E4F759500F2E861 /* Main.storyboard */,
			);
			path = Stanford_FaceIt;
			sourceTree = "<group>";
		};
/* End PBXGroup section */

/* Begin PBXNativeTarget section */
		4AF01DA21E4F759500F2E861 /* Stanford_FaceIt */ = {
			isa = PBXNativeTarget;
			buildConfigurationList = 4AF01DB51E4F759500F2E861 /* Build configuration list for PBXNativeTarget "Stanford_FaceIt" */;
			buildPhases = (
				4AF01D9F1E4F759500F2E861 /* Sources */,
				4AF01DA01E4F759500F2E861 /* Frameworks */,
				4AF01DA11E4F759500F2E861 /* Resources */,
			);
			buildRules = (
			);
			dependencies = (
			);
			name = Stanford_FaceIt;
			productName = Stanford_FaceIt;
			productReference = 4AF01DA31E4F759500F2E861 /* Stanford_FaceIt.app */;
			productType = "com.apple.product-type.application";
		};
/* End PBXNativeTarget section */

/* Begin PBXProject section */
		4AF01D9B1E4F759500F2E861 /* Project object */ = {
			isa = PBXProject;
			attributes = {
				LastSwiftUpdateCheck = 0820;
				LastUpgradeCheck = 0820;
				ORGANIZATIONNAME = "Philippe Blanchette";
				TargetAttributes = {
					4AF01DA21E4F759500F2E861 = {
						CreatedOnToolsVersion = 8.2.1;
						DevelopmentTeam = 9E6KAQEB36;
						ProvisioningStyle = Automatic;
					};
				};
			};
			buildConfigurationList = 4AF01D9E1E4F759500F2E861 /* Build configuration list for PBXProject "Stanford_FaceIt" */;
			compatibilityVersion = "Xcode 3.2";
			developmentRegion = English;
			hasScannedForEncodings = 0;
			knownRegions = (
				en,
				Base,
			);
			mainGroup = 4AF01D9A1E4F759400F2E861;
			productRefGroup = 4AF01DA41E4F759500F2E861 /* Products */;
			projectDirPath = "";
			projectRoot = "";
			targets = (
				4AF01DA21E4F759500F2E861 /* Stanford_FaceIt */,
			);
		};
/* End PBXProject section */

/* Begin PBXResourcesBuildPhase section */
		4AF01DA11E4F759500F2E861 /* Resources */ = {
			isa = PBXResourcesBuildPhase;
			buildActionMask = 2147483647;
			files = (
				4AF01DB11E4F759500F2E861 /* LaunchScreen.storyboard in Resources */,
				4AF01DAE1E4F759500F2E861 /* Assets.xcassets in Resources */,
				4AF01DAC1E4F759500F2E861 /* Main.storyboard in Resources */,
			);
			runOnlyForDeploymentPostprocessing = 0;
		};
/* End PBXResourcesBuildPhase section */

/* Begin PBXSourcesBuildPhase section */
		4AF01D9F1E4F759500F2E861 /* Sources */ = {
			isa = PBXSourcesBuildPhase;
			buildActionMask = 2147483647;
			files = (
				4AF01DA91E4F759500F2E861 /* FaceViewController.swift in Sources */,
				4AF01DFD1E50CF7200F2E861 /* facialExpression.swift in Sources */,
				4AF01DB91E4F77E500F2E861 /* faceView.swift in Sources */,
				4AF01DA71E4F759500F2E861 /* AppDelegate.swift in Sources */,
			);
			runOnlyForDeploymentPostprocessing = 0;
		};
/* End PBXSourcesBuildPhase section */

/* Begin PBXVariantGroup section */
		4AF01DAA1E4F759500F2E861 /* Main.storyboard */ = {
			isa = PBXVariantGroup;
			children = (
				4AF01DAB1E4F759500F2E861 /* Base */,
			);
			name = Main.storyboard;
			sourceTree = "<group>";
		};
		4AF01DAF1E4F759500F2E861 /* LaunchScreen.storyboard */ = {
			isa = PBXVariantGroup;
			children = (
				4AF01DB01E4F759500F2E861 /* Base */,
			);
			name = LaunchScreen.storyboard;
			sourceTree = "<group>";
		};
/* End PBXVariantGroup section */

/* Begin XCBuildConfiguration section */
		4AF01DB31E4F759500F2E861 /* Debug */ = {
			isa = XCBuildConfiguration;
			buildSettings = {
				ALWAYS_SEARCH_USER_PATHS = NO;
				CLANG_ANALYZER_NONNULL = YES;
				CLANG_CXX_LANGUAGE_STANDARD = "gnu++0x";
				CLANG_CXX_LIBRARY = "libc++";
				CLANG_ENABLE_MODULES = YES;
				CLANG_ENABLE_OBJC_ARC = YES;
				CLANG_WARN_BOOL_CONVERSION = YES;
				CLANG_WARN_CONSTANT_CONVERSION = YES;
				CLANG_WARN_DIRECT_OBJC_ISA_USAGE = YES_ERROR;
				CLANG_WARN_DOCUMENTATION_COMMENTS = YES;
				CLANG_WARN_EMPTY_BODY = YES;
				CLANG_WARN_ENUM_CONVERSION = YES;
				CLANG_WARN_INFINITE_RECURSION = YES;
				CLANG_WARN_INT_CONVERSION = YES;
				CLANG_WARN_OBJC_ROOT_CLASS = YES_ERROR;
				CLANG_WARN_SUSPICIOUS_MOVE = YES;
				CLANG_WARN_UNREACHABLE_CODE = YES;
				CLANG_WARN__DUPLICATE_METHOD_MATCH = YES;
				"CODE_SIGN_IDENTITY[sdk=iphoneos*]" = "iPhone Developer";
				COPY_PHASE_STRIP = NO;
				DEBUG_INFORMATION_FORMAT = dwarf;
				ENABLE_STRICT_OBJC_MSGSEND = YES;
				ENABLE_TESTABILITY = YES;
				GCC_C_LANGUAGE_STANDARD = gnu99;
				GCC_DYNAMIC_NO_PIC = NO;
				GCC_NO_COMMON_BLOCKS = YES;
				GCC_OPTIMIZATION_LEVEL = 0;
				GCC_PREPROCESSOR_DEFINITIONS = (
					"DEBUG=1",
					"$(inherited)",
				);
				GCC_WARN_64_TO_32_BIT_CONVERSION = YES;
				GCC_WARN_ABOUT_RETURN_TYPE = YES_ERROR;
				GCC_WARN_UNDECLARED_SELECTOR = YES;
				GCC_WARN_UNINITIALIZED_AUTOS = YES_AGGRESSIVE;
				GCC_WARN_UNUSED_FUNCTION = YES;
				GCC_WARN_UNUSED_VARIABLE = YES;
				IPHONEOS_DEPLOYMENT_TARGET = 10.2;
				MTL_ENABLE_DEBUG_INFO = YES;
				ONLY_ACTIVE_ARCH = YES;
				SDKROOT = iphoneos;
				SWIFT_ACTIVE_COMPILATION_CONDITIONS = DEBUG;
				SWIFT_OPTIMIZATION_LEVEL = "-Onone";
				TARGETED_DEVICE_FAMILY = "1,2";
			};
			name = Debug;
		};
		4AF01DB41E4F759500F2E861 /* Release */ = {
			isa = XCBuildConfiguration;
			buildSettings = {
				ALWAYS_SEARCH_USER_PATHS = NO;
				CLANG_ANALYZER_NONNULL = YES;
				CLANG_CXX_LANGUAGE_STANDARD = "gnu++0x";
				CLANG_CXX_LIBRARY = "libc++";
				CLANG_ENABLE_MODULES = YES;
				CLANG_ENABLE_OBJC_ARC = YES;
				CLANG_WARN_BOOL_CONVERSION = YES;
				CLANG_WARN_CONSTANT_CONVERSION = YES;
				CLANG_WARN_DIRECT_OBJC_ISA_USAGE = YES_ERROR;
				CLANG_WARN_DOCUMENTATION_COMMENTS = YES;
				CLANG_WARN_EMPTY_BODY = YES;
				CLANG_WARN_ENUM_CONVERSION = YES;
				CLANG_WARN_INFINITE_RECURSION = YES;
				CLANG_WARN_INT_CONVERSION = YES;
				CLANG_WARN_OBJC_ROOT_CLASS = YES_ERROR;
				CLANG_WARN_SUSPICIOUS_MOVE = YES;
				CLANG_WARN_UNREACHABLE_CODE = YES;
				CLANG_WARN__DUPLICATE_METHOD_MATCH = YES;
				"CODE_SIGN_IDENTITY[sdk=iphoneos*]" = "iPhone Developer";
				COPY_PHASE_STRIP = NO;
				DEBUG_INFORMATION_FORMAT = "dwarf-with-dsym";
				ENABLE_NS_ASSERTIONS = NO;
				ENABLE_STRICT_OBJC_MSGSEND = YES;
				GCC_C_LANGUAGE_STANDARD = gnu99;
				GCC_NO_COMMON_BLOCKS = YES;
				GCC_WARN_64_TO_32_BIT_CONVERSION = YES;
				GCC_WARN_ABOUT_RETURN_TYPE = YES_ERROR;
				GCC_WARN_UNDECLARED_SELECTOR = YES;
				GCC_WARN_UNINITIALIZED_AUTOS = YES_AGGRESSIVE;
				GCC_WARN_UNUSED_FUNCTION = YES;
				GCC_WARN_UNUSED_VARIABLE = YES;
				IPHONEOS_DEPLOYMENT_TARGET = 10.2;
				MTL_ENABLE_DEBUG_INFO = NO;
				SDKROOT = iphoneos;
				SWIFT_OPTIMIZATION_LEVEL = "-Owholemodule";
				TARGETED_DEVICE_FAMILY = "1,2";
				VALIDATE_PRODUCT = YES;
			};
			name = Release;
		};
		4AF01DB61E4F759500F2E861 /* Debug */ = {
			isa = XCBuildConfiguration;
			buildSettings = {
				ASSETCATALOG_COMPILER_APPICON_NAME = AppIcon;
				DEVELOPMENT_TEAM = 9E6KAQEB36;
				INFOPLIST_FILE = Stanford_FaceIt/Info.plist;
				LD_RUNPATH_SEARCH_PATHS = "$(inherited) @executable_path/Frameworks";
				PRODUCT_BUNDLE_IDENTIFIER = "student.Stanford-FaceIt";
				PRODUCT_NAME = "$(TARGET_NAME)";
				SWIFT_VERSION = 3.0;
			};
			name = Debug;
		};
		4AF01DB71E4F759500F2E861 /* Release */ = {
			isa = XCBuildConfiguration;
			buildSettings = {
				ASSETCATALOG_COMPILER_APPICON_NAME = AppIcon;
				DEVELOPMENT_TEAM = 9E6KAQEB36;
				INFOPLIST_FILE = Stanford_FaceIt/Info.plist;
				LD_RUNPATH_SEARCH_PATHS = "$(inherited) @executable_path/Frameworks";
				PRODUCT_BUNDLE_IDENTIFIER = "student.Stanford-FaceIt";
				PRODUCT_NAME = "$(TARGET_NAME)";
				SWIFT_VERSION = 3.0;
			};
			name = Release;
		};
/* End XCBuildConfiguration section */

/* Begin XCConfigurationList section */
		4AF01D9E1E4F759500F2E861 /* Build configuration list for PBXProject "Stanford_FaceIt" */ = {
			isa = XCConfigurationList;
			buildConfigurations = (
				4AF01DB31E4F759500F2E861 /* Debug */,
				4AF01DB41E4F759500F2E861 /* Release */,
			);
			defaultConfigurationIsVisible = 0;
			defaultConfigurationName = Release;
		};
		4AF01DB51E4F759500F2E861 /* Build configuration list for PBXNativeTarget "Stanford_FaceIt" */ = {
			isa = XCConfigurationList;
			buildConfigurations = (
				4AF01DB61E4F759500F2E861 /* Debug */,
				4AF01DB71E4F759500F2E861 /* Release */,
			);
			defaultConfigurationIsVisible = 0;
			defaultConfigurationName = Release;
		};
/* End XCConfigurationList section */
	};
	rootObject = 4AF01D9B1E4F759500F2E861 /* Project object */;
}
